<?xml version="1.0" encoding="utf-8"?>
<Project ToolsVersion="4.0" xmlns="http://schemas.microsoft.com/developer/msbuild/2003">
  <ItemGroup>
    <Filter Include="源文件">
      <UniqueIdentifier>{4FC737F1-C7A5-4376-A066-2A32D752A2FF}</UniqueIdentifier>
      <Extensions>cpp;c;cc;cxx;def;odl;idl;hpj;bat;asm;asmx</Extensions>
    </Filter>
    <Filter Include="头文件">
      <UniqueIdentifier>{93995380-89BD-4b04-88EB-625FBE52EBFB}</UniqueIdentifier>
      <Extensions>h;hpp;hxx;hm;inl;inc;xsd</Extensions>
    </Filter>
    <Filter Include="资源文件">
      <UniqueIdentifier>{67DA6AB6-F800-4c08-8B7A-83BB121AAD01}</UniqueIdentifier>
      <Extensions>rc;ico;cur;bmp;dlg;rc2;rct;bin;rgs;gif;jpg;jpeg;jpe;resx;tiff;tif;png;wav</Extensions>
    </Filter>
    <Filter Include="common">
      <UniqueIdentifier>{e5c553b8-94c7-41d6-8a21-4984a034804e}</UniqueIdentifier>
    </Filter>
    <Filter Include="net">
      <UniqueIdentifier>{52dbf516-a394-460d-9b7e-47dae3ff828f}</UniqueIdentifier>
    </Filter>
    <Filter Include="common\socket">
      <UniqueIdentifier>{24b23cbf-5ffb-405c-bda0-098d7e23f6e1}</UniqueIdentifier>
    </Filter>
    <Filter Include="common\log">
      <UniqueIdentifier>{f06c2535-89f2-482e-90af-6ee2c3f611d4}</UniqueIdentifier>
    </Filter>
    <Filter Include="common\thread">
      <UniqueIdentifier>{d1e620cd-0741-49d3-b772-20d085bd8f95}</UniqueIdentifier>
    </Filter>
  </ItemGroup>
  <ItemGroup>
    <ClCompile Include="Application.cpp">
      <Filter>源文件</Filter>
    </ClCompile>
    <ClCompile Include="main.cpp">
      <Filter>源文件</Filter>
    </ClCompile>
    <ClCompile Include="net\ServerSocket.cpp">
      <Filter>net</Filter>
    </ClCompile>
    <ClCompile Include="GameServerThread.cpp">
      <Filter>源文件</Filter>
    </ClCompile>
    <ClCompile Include="PokerPlayer.cpp">
      <Filter>源文件</Filter>
    </ClCompile>
    <ClCompile Include="..\common\log\PokerLog.cpp">
      <Filter>common\log</Filter>
    </ClCompile>
    <ClCompile Include="..\common\socket\PokerSocket.cpp">
      <Filter>common\socket</Filter>
    </ClCompile>
    <ClCompile Include="..\common\thread\ThreadObject.cpp">
      <Filter>common\thread</Filter>
    </ClCompile>
  </ItemGroup>
  <ItemGroup>
    <ClInclude Include="Application.h">
      <Filter>头文件</Filter>
    </ClInclude>
    <ClInclude Include="net\ServerSocket.h">
      <Filter>net</Filter>
    </ClInclude>
    <ClInclude Include="GameServerThread.h">
      <Filter>头文件</Filter>
    </ClInclude>
    <ClInclude Include="PokerPlayer.h">
      <Filter>头文件</Filter>
    </ClInclude>
    <ClInclude Include="..\common\log\PokerLog.h">
      <Filter>common\log</Filter>
    </ClInclude>
    <ClInclude Include="..\common\socket\PokerSocket.h">
      <Filter>common\socket</Filter>
    </ClInclude>
    <ClInclude Include="..\common\Exception.h">
      <Filter>common</Filter>
    </ClInclude>
    <ClInclude Include="..\common\PokerMessage.h">
      <Filter>common</Filter>
    </ClInclude>
    <ClInclude Include="..\common\thread\ThreadObject.h">
      <Filter>common\thread</Filter>
    </ClInclude>
  </ItemGroup>
</Project>